Microsoft Visual Studio Solution File, Format Version 12.00
# Visual Studio 14
VisualStudioVersion = 14.0.25420.1
MinimumVisualStudioVersion = 10.0.40219.1
Project("{FAE04EC0-301F-11D3-BF4B-00C04F79EFBC}") = "RacingGame.PipelineExtension", "RacingGame.PipelineExtension\RacingGame.PipelineExtension.csproj", "{57C9CF94-85C5-4708-8D36-BE2A507864BB}"
EndProject
Project("{D954291E-2A0B-460D-934E-DC6B0785DB48}") = "RacingGame.Shared", "RacingGame.Shared\RacingGame.Shared.shproj", "{38C1D212-23E6-4299-9C90-B9469E8CD984}"
EndProject
Project("{FAE04EC0-301F-11D3-BF4B-00C04F79EFBC}") = "RacingGame.DesktopGL", "RacingGame.DesktopGL\RacingGame.DesktopGL.csproj", "{BD035A0E-A598-418D-A142-826E656F6CD1}"
EndProject
Project("{FAE04EC0-301F-11D3-BF4B-00C04F79EFBC}") = "MonoGame.Framework.Linux", "..\MonoGame\MonoGame.Framework\MonoGame.Framework.Linux.csproj", "{35253CE1-C864-4CD3-8249-4D1319748E8F}"
EndProject
Project("{FAE04EC0-301F-11D3-BF4B-00C04F79EFBC}") = "MonoGame.Framework.Content.Pipeline.Linux", "..\MonoGame\MonoGame.Framework.Content.Pipeline\MonoGame.Framework.Content.Pipeline.Linux.csproj", "{57696462-CE5E-4BC5-80AB-1B959E2420EA}"
EndProject
Project("{FAE04EC0-301F-11D3-BF4B-00C04F79EFBC}") = "RacingGame.UWP", "RacingGame.UWP\RacingGame.UWP.csproj", "{A4F3E80E-640C-4AC4-810B-1D0102059063}"
EndProject
Project("{FAE04EC0-301F-11D3-BF4B-00C04F79EFBC}") = "RacingGame.DirectX", "RacingGame.DirectX\RacingGame.DirectX.csproj", "{C314CD87-B183-4D2E-8319-F909AFCAEC52}"
EndProject
Global
	GlobalSection(SharedMSBuildProjectFiles) = preSolution
		RacingGame.Shared\RacingGame.Shared.projitems*{38c1d212-23e6-4299-9c90-b9469e8cd984}*SharedItemsImports = 13
		RacingGame.Shared\RacingGame.Shared.projitems*{a4f3e80e-640c-4ac4-810b-1d0102059063}*SharedItemsImports = 4
		RacingGame.Shared\RacingGame.Shared.projitems*{bd035a0e-a598-418d-a142-826e656f6cd1}*SharedItemsImports = 4
		RacingGame.Shared\RacingGame.Shared.projitems*{c314cd87-b183-4d2e-8319-f909afcaec52}*SharedItemsImports = 4
	EndGlobalSection
	GlobalSection(SolutionConfigurationPlatforms) = preSolution
		Debug|Any CPU = Debug|Any CPU
		Debug|ARM = Debug|ARM
		Debug|x64 = Debug|x64
		Debug|x86 = Debug|x86
		Release|Any CPU = Release|Any CPU
		Release|ARM = Release|ARM
		Release|x64 = Release|x64
		Release|x86 = Release|x86
	EndGlobalSection
	GlobalSection(ProjectConfigurationPlatforms) = postSolution
		{57C9CF94-85C5-4708-8D36-BE2A507864BB}.Debug|Any CPU.ActiveCfg = Debug|Any CPU
		{57C9CF94-85C5-4708-8D36-BE2A507864BB}.Debug|Any CPU.Build.0 = Debug|Any CPU
		{57C9CF94-85C5-4708-8D36-BE2A507864BB}.Debug|ARM.ActiveCfg = Debug|Any CPU
		{57C9CF94-85C5-4708-8D36-BE2A507864BB}.Debug|ARM.Build.0 = Debug|Any CPU
		{57C9CF94-85C5-4708-8D36-BE2A507864BB}.Debug|x64.ActiveCfg = Debug|Any CPU
		{57C9CF94-85C5-4708-8D36-BE2A507864BB}.Debug|x64.Build.0 = Debug|Any CPU
		{57C9CF94-85C5-4708-8D36-BE2A507864BB}.Debug|x86.ActiveCfg = Debug|Any CPU
		{57C9CF94-85C5-4708-8D36-BE2A507864BB}.Debug|x86.Build.0 = Debug|Any CPU
		{57C9CF94-85C5-4708-8D36-BE2A507864BB}.Release|Any CPU.ActiveCfg = Release|Any CPU
		{57C9CF94-85C5-4708-8D36-BE2A507864BB}.Release|Any CPU.Build.0 = Release|Any CPU
		{57C9CF94-85C5-4708-8D36-BE2A507864BB}.Release|ARM.ActiveCfg = Release|Any CPU
		{57C9CF94-85C5-4708-8D36-BE2A507864BB}.Release|ARM.Build.0 = Release|Any CPU
		{57C9CF94-85C5-4708-8D36-BE2A507864BB}.Release|x64.ActiveCfg = Release|Any CPU
		{57C9CF94-85C5-4708-8D36-BE2A507864BB}.Release|x64.Build.0 = Release|Any CPU
		{57C9CF94-85C5-4708-8D36-BE2A507864BB}.Release|x86.ActiveCfg = Release|Any CPU
		{57C9CF94-85C5-4708-8D36-BE2A507864BB}.Release|x86.Build.0 = Release|Any CPU
		{BD035A0E-A598-418D-A142-826E656F6CD1}.Debug|Any CPU.ActiveCfg = Debug|Any CPU
		{BD035A0E-A598-418D-A142-826E656F6CD1}.Debug|Any CPU.Build.0 = Debug|Any CPU
		{BD035A0E-A598-418D-A142-826E656F6CD1}.Debug|ARM.ActiveCfg = Debug|Any CPU
		{BD035A0E-A598-418D-A142-826E656F6CD1}.Debug|ARM.Build.0 = Debug|Any CPU
		{BD035A0E-A598-418D-A142-826E656F6CD1}.Debug|x64.ActiveCfg = Debug|Any CPU
		{BD035A0E-A598-418D-A142-826E656F6CD1}.Debug|x64.Build.0 = Debug|Any CPU
		{BD035A0E-A598-418D-A142-826E656F6CD1}.Debug|x86.ActiveCfg = Debug|Any CPU
		{BD035A0E-A598-418D-A142-826E656F6CD1}.Debug|x86.Build.0 = Debug|Any CPU
		{BD035A0E-A598-418D-A142-826E656F6CD1}.Release|Any CPU.ActiveCfg = Release|Any CPU
		{BD035A0E-A598-418D-A142-826E656F6CD1}.Release|Any CPU.Build.0 = Release|Any CPU
		{BD035A0E-A598-418D-A142-826E656F6CD1}.Release|ARM.ActiveCfg = Release|Any CPU
		{BD035A0E-A598-418D-A142-826E656F6CD1}.Release|ARM.Build.0 = Release|Any CPU
		{BD035A0E-A598-418D-A142-826E656F6CD1}.Release|x64.ActiveCfg = Release|Any CPU
		{BD035A0E-A598-418D-A142-826E656F6CD1}.Release|x64.Build.0 = Release|Any CPU
		{BD035A0E-A598-418D-A142-826E656F6CD1}.Release|x86.ActiveCfg = Release|Any CPU
		{BD035A0E-A598-418D-A142-826E656F6CD1}.Release|x86.Build.0 = Release|Any CPU
		{35253CE1-C864-4CD3-8249-4D1319748E8F}.Debug|Any CPU.ActiveCfg = Debug|Any CPU
		{35253CE1-C864-4CD3-8249-4D1319748E8F}.Debug|Any CPU.Build.0 = Debug|Any CPU
		{35253CE1-C864-4CD3-8249-4D1319748E8F}.Debug|ARM.ActiveCfg = Debug|Any CPU
		{35253CE1-C864-4CD3-8249-4D1319748E8F}.Debug|x64.ActiveCfg = Debug|Any CPU
		{35253CE1-C864-4CD3-8249-4D1319748E8F}.Debug|x86.ActiveCfg = Debug|Any CPU
		{35253CE1-C864-4CD3-8249-4D1319748E8F}.Release|Any CPU.ActiveCfg = Release|Any CPU
		{35253CE1-C864-4CD3-8249-4D1319748E8F}.Release|Any CPU.Build.0 = Release|Any CPU
		{35253CE1-C864-4CD3-8249-4D1319748E8F}.Release|ARM.ActiveCfg = Release|Any CPU
		{35253CE1-C864-4CD3-8249-4D1319748E8F}.Release|x64.ActiveCfg = Release|Any CPU
		{35253CE1-C864-4CD3-8249-4D1319748E8F}.Release|x86.ActiveCfg = Release|Any CPU
		{57696462-CE5E-4BC5-80AB-1B959E2420EA}.Debug|Any CPU.ActiveCfg = Debug|Any CPU
		{57696462-CE5E-4BC5-80AB-1B959E2420EA}.Debug|Any CPU.Build.0 = Debug|Any CPU
		{57696462-CE5E-4BC5-80AB-1B959E2420EA}.Debug|ARM.ActiveCfg = Debug|Any CPU
		{57696462-CE5E-4BC5-80AB-1B959E2420EA}.Debug|x64.ActiveCfg = Debug|Any CPU
		{57696462-CE5E-4BC5-80AB-1B959E2420EA}.Debug|x86.ActiveCfg = Debug|Any CPU
		{57696462-CE5E-4BC5-80AB-1B959E2420EA}.Release|Any CPU.ActiveCfg = Release|Any CPU
		{57696462-CE5E-4BC5-80AB-1B959E2420EA}.Release|Any CPU.Build.0 = Release|Any CPU
		{57696462-CE5E-4BC5-80AB-1B959E2420EA}.Release|ARM.ActiveCfg = Release|Any CPU
		{57696462-CE5E-4BC5-80AB-1B959E2420EA}.Release|x64.ActiveCfg = Release|Any CPU
		{57696462-CE5E-4BC5-80AB-1B959E2420EA}.Release|x86.ActiveCfg = Release|Any CPU
		{A4F3E80E-640C-4AC4-810B-1D0102059063}.Debug|Any CPU.ActiveCfg = Debug|x86
		{A4F3E80E-640C-4AC4-810B-1D0102059063}.Debug|ARM.ActiveCfg = Debug|ARM
		{A4F3E80E-640C-4AC4-810B-1D0102059063}.Debug|ARM.Build.0 = Debug|ARM
		{A4F3E80E-640C-4AC4-810B-1D0102059063}.Debug|ARM.Deploy.0 = Debug|ARM
		{A4F3E80E-640C-4AC4-810B-1D0102059063}.Debug|x64.ActiveCfg = Debug|x64
		{A4F3E80E-640C-4AC4-810B-1D0102059063}.Debug|x64.Build.0 = Debug|x64
		{A4F3E80E-640C-4AC4-810B-1D0102059063}.Debug|x64.Deploy.0 = Debug|x64
		{A4F3E80E-640C-4AC4-810B-1D0102059063}.Debug|x86.ActiveCfg = Debug|x86
		{A4F3E80E-640C-4AC4-810B-1D0102059063}.Debug|x86.Build.0 = Debug|x86
		{A4F3E80E-640C-4AC4-810B-1D0102059063}.Debug|x86.Deploy.0 = Debug|x86
		{A4F3E80E-640C-4AC4-810B-1D0102059063}.Release|Any CPU.ActiveCfg = Release|x86
		{A4F3E80E-640C-4AC4-810B-1D0102059063}.Release|ARM.ActiveCfg = Release|ARM
		{A4F3E80E-640C-4AC4-810B-1D0102059063}.Release|ARM.Build.0 = Release|ARM
		{A4F3E80E-640C-4AC4-810B-1D0102059063}.Release|ARM.Deploy.0 = Release|ARM
		{A4F3E80E-640C-4AC4-810B-1D0102059063}.Release|x64.ActiveCfg = Release|x64
		{A4F3E80E-640C-4AC4-810B-1D0102059063}.Release|x64.Build.0 = Release|x64
		{A4F3E80E-640C-4AC4-810B-1D0102059063}.Release|x64.Deploy.0 = Release|x64
		{A4F3E80E-640C-4AC4-810B-1D0102059063}.Release|x86.ActiveCfg = Release|x86
		{A4F3E80E-640C-4AC4-810B-1D0102059063}.Release|x86.Build.0 = Release|x86
		{A4F3E80E-640C-4AC4-810B-1D0102059063}.Release|x86.Deploy.0 = Release|x86
		{C314CD87-B183-4D2E-8319-F909AFCAEC52}.Debug|Any CPU.ActiveCfg = Debug|x86
		{C314CD87-B183-4D2E-8319-F909AFCAEC52}.Debug|ARM.ActiveCfg = Debug|x86
		{C314CD87-B183-4D2E-8319-F909AFCAEC52}.Debug|x64.ActiveCfg = Debug|x86
		{C314CD87-B183-4D2E-8319-F909AFCAEC52}.Debug|x86.ActiveCfg = Debug|x86
		{C314CD87-B183-4D2E-8319-F909AFCAEC52}.Debug|x86.Build.0 = Debug|x86
		{C314CD87-B183-4D2E-8319-F909AFCAEC52}.Release|Any CPU.ActiveCfg = Release|x86
		{C314CD87-B183-4D2E-8319-F909AFCAEC52}.Release|ARM.ActiveCfg = Release|x86
		{C314CD87-B183-4D2E-8319-F909AFCAEC52}.Release|x64.ActiveCfg = Release|x86
		{C314CD87-B183-4D2E-8319-F909AFCAEC52}.Release|x86.ActiveCfg = Release|x86
		{C314CD87-B183-4D2E-8319-F909AFCAEC52}.Release|x86.Build.0 = Release|x86
	EndGlobalSection
	GlobalSection(SolutionProperties) = preSolution
		HideSolutionNode = FALSE
	EndGlobalSection
EndGlobal
